<?xml version="1.0" encoding="utf-8"?>
<Project ToolsVersion="4.0" xmlns="http://schemas.microsoft.com/developer/msbuild/2003">
  <ItemGroup>
    <Filter Include="Source Files">
      <UniqueIdentifier>{4FC737F1-C7A5-4376-A066-2A32D752A2FF}</UniqueIdentifier>
      <Extensions>cpp;c;cc;cxx;def;odl;idl;hpj;bat;asm;asmx</Extensions>
    </Filter>
    <Filter Include="Resource Files">
      <UniqueIdentifier>{67DA6AB6-F800-4c08-8B7A-83BB121AAD01}</UniqueIdentifier>
      <Extensions>rc;ico;cur;bmp;dlg;rc2;rct;bin;rgs;gif;jpg;jpeg;jpe;resx;tiff;tif;png;wav;mfcribbon-ms</Extensions>
    </Filter>
    <Filter Include="Application Manager">
      <UniqueIdentifier>{89c47e84-6291-4b3e-ada7-91e1ca660362}</UniqueIdentifier>
    </Filter>
    <Filter Include="Cube">
      <UniqueIdentifier>{6def33bc-0530-41fe-9589-5083bb5dd183}</UniqueIdentifier>
    </Filter>
    <Filter Include="data">
      <UniqueIdentifier>{bf4a2399-146f-4adb-905f-2ab2789a5726}</UniqueIdentifier>
    </Filter>
    <Filter Include="EulerCamera">
      <UniqueIdentifier>{bfff5092-a11a-4dc5-936b-dc4060f82057}</UniqueIdentifier>
    </Filter>
    <Filter Include="Model">
      <UniqueIdentifier>{1a04cd2e-5976-4e7f-b1e1-2bf9e25e6925}</UniqueIdentifier>
    </Filter>
    <Filter Include="OBJLoader">
      <UniqueIdentifier>{393f0cde-d860-40c3-b50c-75151dc1a415}</UniqueIdentifier>
    </Filter>
    <Filter Include="Renderer">
      <UniqueIdentifier>{0ca400be-a18a-4331-8a10-8d02ae2586b8}</UniqueIdentifier>
    </Filter>
    <Filter Include="ShaderProgram">
      <UniqueIdentifier>{7fe544ab-6218-46f1-a6df-ee2bf4408296}</UniqueIdentifier>
    </Filter>
    <Filter Include="Texture">
      <UniqueIdentifier>{5161aac2-dfd6-41b1-a9d0-760a4724f821}</UniqueIdentifier>
    </Filter>
    <Filter Include="Texture\Texture Loader">
      <UniqueIdentifier>{28d0593d-380e-448e-b824-1046f2074a4b}</UniqueIdentifier>
    </Filter>
    <Filter Include="Skybox">
      <UniqueIdentifier>{50222ca9-3d51-4c36-b3ca-68bcf73b8c0b}</UniqueIdentifier>
    </Filter>
    <Filter Include="ShaderProgram\Shader Loader">
      <UniqueIdentifier>{6a883991-e772-4526-acb8-9a95cd07e06b}</UniqueIdentifier>
    </Filter>
    <Filter Include="CollisionDetection">
      <UniqueIdentifier>{5ff2d7ce-039d-41ec-9aad-e3ee385ea6c7}</UniqueIdentifier>
    </Filter>
    <Filter Include="MD2Model">
      <UniqueIdentifier>{f1ff8814-3542-47a5-bc06-556035af94d7}</UniqueIdentifier>
    </Filter>
    <Filter Include="GameComponents">
      <UniqueIdentifier>{781940e5-19ef-438d-9927-b5c5e1341899}</UniqueIdentifier>
    </Filter>
    <Filter Include="Model3D">
      <UniqueIdentifier>{4092f99c-b2b5-417b-b083-dadd6225b961}</UniqueIdentifier>
    </Filter>
    <Filter Include="GameScene">
      <UniqueIdentifier>{f562895f-cd43-4460-a975-b0846185c020}</UniqueIdentifier>
    </Filter>
    <Filter Include="Map">
      <UniqueIdentifier>{3541f32b-c05b-42ab-a84c-4b02014490bd}</UniqueIdentifier>
    </Filter>
    <Filter Include="Screen">
      <UniqueIdentifier>{de582aba-880a-4458-98c1-6ed4ecf5ebaf}</UniqueIdentifier>
    </Filter>
    <Filter Include="Text">
      <UniqueIdentifier>{9882d552-50e3-4d15-9b66-dcc176f698f4}</UniqueIdentifier>
    </Filter>
    <Filter Include="Sound">
      <UniqueIdentifier>{40bbd37d-46bc-42e9-b4d2-ef46d7cb9cc8}</UniqueIdentifier>
    </Filter>
  </ItemGroup>
  <ItemGroup>
    <ClCompile Include="main.cpp">
      <Filter>Source Files</Filter>
    </ClCompile>
    <ClCompile Include="Application Manager\ApplicationManager.cpp">
      <Filter>Application Manager</Filter>
    </ClCompile>
    <ClCompile Include="Cube\Cube.cpp">
      <Filter>Cube</Filter>
    </ClCompile>
    <ClCompile Include="EulerCamera\EulerCamera.cpp">
      <Filter>EulerCamera</Filter>
    </ClCompile>
    <ClCompile Include="Model\Model.cpp">
      <Filter>Model</Filter>
    </ClCompile>
    <ClCompile Include="OBJLoader\objloader.cpp">
      <Filter>OBJLoader</Filter>
    </ClCompile>
    <ClCompile Include="Renderer\Renderer.cpp">
      <Filter>Renderer</Filter>
    </ClCompile>
    <ClCompile Include="Texture\texture.cpp">
      <Filter>Texture</Filter>
    </ClCompile>
    <ClCompile Include="Texture\Texture Loader\stb_image.c">
      <Filter>Texture\Texture Loader</Filter>
    </ClCompile>
    <ClCompile Include="SkyBox\SkyBox.cpp">
      <Filter>Skybox</Filter>
    </ClCompile>
    <ClCompile Include="ShaderProgram\KeyFrameAnimationShader.cpp">
      <Filter>ShaderProgram</Filter>
    </ClCompile>
    <ClCompile Include="ShaderProgram\ShaderProgram.cpp">
      <Filter>ShaderProgram</Filter>
    </ClCompile>
    <ClCompile Include="Shaders\shader.cpp">
      <Filter>ShaderProgram\Shader Loader</Filter>
    </ClCompile>
    <ClCompile Include="MD2Model\md2model.cpp">
      <Filter>MD2Model</Filter>
    </ClCompile>
    <ClCompile Include="MD2Model\vertexBufferObject.cpp">
      <Filter>MD2Model</Filter>
    </ClCompile>
    <ClCompile Include="CollisionDetection\AABoundingBox.cpp">
      <Filter>CollisionDetection</Filter>
    </ClCompile>
    <ClCompile Include="CollisionDetection\CollidableModel.cpp">
      <Filter>CollisionDetection</Filter>
    </ClCompile>
    <ClCompile Include="CollisionDetection\CollisionManager.cpp">
      <Filter>CollisionDetection</Filter>
    </ClCompile>
    <ClCompile Include="GameComponents\GameObject.cpp">
      <Filter>GameComponents</Filter>
    </ClCompile>
    <ClCompile Include="GameComponents\Hero.cpp">
      <Filter>GameComponents</Filter>
    </ClCompile>
    <ClCompile Include="GameComponents\Bullet.cpp">
      <Filter>GameComponents</Filter>
    </ClCompile>
    <ClCompile Include="GameComponents\Enemy.cpp">
      <Filter>GameComponents</Filter>
    </ClCompile>
    <ClCompile Include="Model\TexturedModel.cpp">
      <Filter>Model</Filter>
    </ClCompile>
    <ClCompile Include="Model3D\Model3D.cpp">
      <Filter>Model3D</Filter>
    </ClCompile>
    <ClCompile Include="Model3D\ModelNode.cpp">
      <Filter>Model3D</Filter>
    </ClCompile>
    <ClCompile Include="GameScene\GameScene.cpp">
      <Filter>GameScene</Filter>
    </ClCompile>
    <ClCompile Include="GameScene\Level1.cpp">
      <Filter>GameScene</Filter>
    </ClCompile>
    <ClCompile Include="Map\MapObject.cpp">
      <Filter>Map</Filter>
    </ClCompile>
    <ClCompile Include="GameComponents\CrossHair.cpp">
      <Filter>GameComponents</Filter>
    </ClCompile>
    <ClCompile Include="GameComponents\StaticComponent.cpp">
      <Filter>GameComponents</Filter>
    </ClCompile>
    <ClCompile Include="CollisionDetection\sensor.cpp">
      <Filter>CollisionDetection</Filter>
    </ClCompile>
    <ClCompile Include="ShaderProgram\SimpleShaderProgram.cpp">
      <Filter>ShaderProgram</Filter>
    </ClCompile>
    <ClCompile Include="text2D.cpp">
      <Filter>Text</Filter>
    </ClCompile>
    <ClCompile Include="Screen\CreditsScreen.cpp">
      <Filter>Screen</Filter>
    </ClCompile>
    <ClCompile Include="Screen\GameOverScreen.cpp">
      <Filter>Screen</Filter>
    </ClCompile>
    <ClCompile Include="Screen\GameScreen.cpp">
      <Filter>Screen</Filter>
    </ClCompile>
    <ClCompile Include="Screen\LoadingScreen.cpp">
      <Filter>Screen</Filter>
    </ClCompile>
    <ClCompile Include="Screen\OptionScreen.cpp">
      <Filter>Screen</Filter>
    </ClCompile>
    <ClCompile Include="Screen\PauseScreen.cpp">
      <Filter>Screen</Filter>
    </ClCompile>
    <ClCompile Include="Screen\Screen.cpp">
      <Filter>Screen</Filter>
    </ClCompile>
    <ClCompile Include="Screen\ScreenManger.cpp">
      <Filter>Screen</Filter>
    </ClCompile>
    <ClCompile Include="Screen\StartScreen.cpp">
      <Filter>Screen</Filter>
    </ClCompile>
    <ClCompile Include="sound\Sound.cpp">
      <Filter>Sound</Filter>
    </ClCompile>
    <ClCompile Include="Screen\LevelScreen.cpp">
      <Filter>Screen</Filter>
    </ClCompile>
    <ClCompile Include="GameScene\Level2.cpp">
      <Filter>GameScene</Filter>
    </ClCompile>
    <ClCompile Include="Screen\LevelCompletedScreen.cpp">
      <Filter>Screen</Filter>
    </ClCompile>
  </ItemGroup>
  <ItemGroup>
    <ClInclude Include="Application Manager\ApplicationManager.h">
      <Filter>Application Manager</Filter>
    </ClInclude>
    <ClInclude Include="Cube\Cube.h">
      <Filter>Cube</Filter>
    </ClInclude>
    <ClInclude Include="EulerCamera\EulerCamera.h">
      <Filter>EulerCamera</Filter>
    </ClInclude>
    <ClInclude Include="Model\Model.h">
      <Filter>Model</Filter>
    </ClInclude>
    <ClInclude Include="OBJLoader\objloader.hpp">
      <Filter>OBJLoader</Filter>
    </ClInclude>
    <ClInclude Include="Renderer\Renderer.h">
      <Filter>Renderer</Filter>
    </ClInclude>
    <ClInclude Include="Texture\texture.h">
      <Filter>Texture</Filter>
    </ClInclude>
    <ClInclude Include="Texture\Texture Loader\stb_image.h">
      <Filter>Texture\Texture Loader</Filter>
    </ClInclude>
    <ClInclude Include="SkyBox\SkyBox.h">
      <Filter>Skybox</Filter>
    </ClInclude>
    <ClInclude Include="ShaderProgram\KeyFrameAnimationShader.h">
      <Filter>ShaderProgram</Filter>
    </ClInclude>
    <ClInclude Include="ShaderProgram\ShaderProgram.h">
      <Filter>ShaderProgram</Filter>
    </ClInclude>
    <ClInclude Include="Shaders\shader.hpp">
      <Filter>ShaderProgram\Shader Loader</Filter>
    </ClInclude>
    <ClInclude Include="MD2Model\md2model.h">
      <Filter>MD2Model</Filter>
    </ClInclude>
    <ClInclude Include="MD2Model\vertexBufferObject.h">
      <Filter>MD2Model</Filter>
    </ClInclude>
    <ClInclude Include="CollisionDetection\AABoundingBox.h">
      <Filter>CollisionDetection</Filter>
    </ClInclude>
    <ClInclude Include="CollisionDetection\CollidableModel.h">
      <Filter>CollisionDetection</Filter>
    </ClInclude>
    <ClInclude Include="CollisionDetection\CollisionManager.h">
      <Filter>CollisionDetection</Filter>
    </ClInclude>
    <ClInclude Include="GameComponents\GameObject.h">
      <Filter>GameComponents</Filter>
    </ClInclude>
    <ClInclude Include="GameComponents\Hero.h">
      <Filter>GameComponents</Filter>
    </ClInclude>
    <ClInclude Include="GameComponents\Bullet.h">
      <Filter>GameComponents</Filter>
    </ClInclude>
    <ClInclude Include="GameComponents\Enemy.h">
      <Filter>GameComponents</Filter>
    </ClInclude>
    <ClInclude Include="Model\TexturedModel.h">
      <Filter>Model</Filter>
    </ClInclude>
    <ClInclude Include="Model3D\Model3D.h">
      <Filter>Model3D</Filter>
    </ClInclude>
    <ClInclude Include="Model3D\ModelNode.h">
      <Filter>Model3D</Filter>
    </ClInclude>
    <ClInclude Include="GameScene\GameScene.h">
      <Filter>GameScene</Filter>
    </ClInclude>
    <ClInclude Include="GameScene\Level1.h">
      <Filter>GameScene</Filter>
    </ClInclude>
    <ClInclude Include="Map\MapObject.h">
      <Filter>Map</Filter>
    </ClInclude>
    <ClInclude Include="GameComponents\CrossHair.h">
      <Filter>GameComponents</Filter>
    </ClInclude>
    <ClInclude Include="Helper.h">
      <Filter>Source Files</Filter>
    </ClInclude>
    <ClInclude Include="GameComponents\StaticComponent.h">
      <Filter>GameComponents</Filter>
    </ClInclude>
    <ClInclude Include="CollisionDetection\sensor.h">
      <Filter>CollisionDetection</Filter>
    </ClInclude>
    <ClInclude Include="ShaderProgram\SimpleShaderProgram.h">
      <Filter>ShaderProgram</Filter>
    </ClInclude>
    <ClInclude Include="text2D.hpp">
      <Filter>Text</Filter>
    </ClInclude>
    <ClInclude Include="Screen\CreditsScreen.h">
      <Filter>Screen</Filter>
    </ClInclude>
    <ClInclude Include="Screen\GameOverScreen.h">
      <Filter>Screen</Filter>
    </ClInclude>
    <ClInclude Include="Screen\GameScreen.h">
      <Filter>Screen</Filter>
    </ClInclude>
    <ClInclude Include="Screen\LoadingScreen.h">
      <Filter>Screen</Filter>
    </ClInclude>
    <ClInclude Include="Screen\OptionScreen.h">
      <Filter>Screen</Filter>
    </ClInclude>
    <ClInclude Include="Screen\PauseScreen.h">
      <Filter>Screen</Filter>
    </ClInclude>
    <ClInclude Include="Screen\Screen.h">
      <Filter>Screen</Filter>
    </ClInclude>
    <ClInclude Include="Screen\ScreenManger.h">
      <Filter>Screen</Filter>
    </ClInclude>
    <ClInclude Include="Screen\StartScreen.h">
      <Filter>Screen</Filter>
    </ClInclude>
    <ClInclude Include="sound\Sound.h">
      <Filter>Sound</Filter>
    </ClInclude>
    <ClInclude Include="sound\SoundEngine.h">
      <Filter>Sound</Filter>
    </ClInclude>
    <ClInclude Include="Screen\LevelScreen.h">
      <Filter>Screen</Filter>
    </ClInclude>
    <ClInclude Include="GameScene\Level2.h">
      <Filter>GameScene</Filter>
    </ClInclude>
    <ClInclude Include="Screen\LevelCompletedScreen.h">
      <Filter>Screen</Filter>
    </ClInclude>
  </ItemGroup>
  <ItemGroup>
    <None Include="KeyframeAnimation.vertexshader" />
    <None Include="SimpleTransformWithColor.vertexshader" />
    <None Include="TextureLighting.fragmentshader" />
    <None Include="SimpleTextureShader.fragmentshader" />
    <None Include="SimpleVertexShader.vertexshader" />
    <None Include="TextVertexShader.fragmentshader">
      <Filter>Text</Filter>
    </None>
    <None Include="TextVertexShader.vertexshader">
      <Filter>Text</Filter>
    </None>
  </ItemGroup>
  <ItemGroup>
    <Image Include="Holstein.DDS">
      <Filter>Text</Filter>
    </Image>
  </ItemGroup>
  <ItemGroup>
    <Library Include="sound\dsound.lib">
      <Filter>Sound</Filter>
    </Library>
    <Library Include="sound\dxguid.lib">
      <Filter>Sound</Filter>
    </Library>
    <Library Include="sound\WinMM.Lib">
      <Filter>Sound</Filter>
    </Library>
  </ItemGroup>
</Project>